
Microsoft Visual Studio Solution File, Format Version 12.00
# Visual Studio 15
VisualStudioVersion = 15.0.28307.1401
MinimumVisualStudioVersion = 10.0.40219.1
Project("{FAE04EC0-301F-11D3-BF4B-00C04F79EFBC}") = "Photoshop.Core", "Photoshop.Core\Photoshop.Core.csproj", "{66241C84-772B-4E09-A9A1-42CCA350E753}"
EndProject
Project("{FAE04EC0-301F-11D3-BF4B-00C04F79EFBC}") = "PhotoShop.DataAccess.InMemory", "PhotoShop.DataAccess.InMemory\PhotoShop.DataAccess.InMemory.csproj", "{0A83F7A7-832E-4667-BFBA-E223DCE4CC7B}"
EndProject
Project("{FAE04EC0-301F-11D3-BF4B-00C04F79EFBC}") = "PhotoShop.DataAccessSQL", "PhotoShop.DataAccessSQL\PhotoShop.DataAccessSQL.csproj", "{BE4C911F-1FD8-490C-8CAF-8856D27AF379}"
EndProject
Project("{FAE04EC0-301F-11D3-BF4B-00C04F79EFBC}") = "PhotoShop.Services", "PhotoShop.Services\PhotoShop.Services.csproj", "{919F954F-320F-4925-BA4C-36A6A6788539}"
EndProject
Project("{FAE04EC0-301F-11D3-BF4B-00C04F79EFBC}") = "PhotoShop.WebUI", "PhotoShop.WebUI\PhotoShop.WebUI.csproj", "{CDA937D2-1DA6-4D5F-9E93-7FEBB232802C}"
EndProject
Project("{FAE04EC0-301F-11D3-BF4B-00C04F79EFBC}") = "PhotoShop.WebUI.Tests", "PhotoShop.WebUI.Tests\PhotoShop.WebUI.Tests.csproj", "{D49BA33E-F8DF-4AA9-8658-9F7DBEDB864A}"
EndProject
Global
	GlobalSection(SolutionConfigurationPlatforms) = preSolution
		Debug|Any CPU = Debug|Any CPU
		Release|Any CPU = Release|Any CPU
	EndGlobalSection
	GlobalSection(ProjectConfigurationPlatforms) = postSolution
		{66241C84-772B-4E09-A9A1-42CCA350E753}.Debug|Any CPU.ActiveCfg = Debug|Any CPU
		{66241C84-772B-4E09-A9A1-42CCA350E753}.Debug|Any CPU.Build.0 = Debug|Any CPU
		{66241C84-772B-4E09-A9A1-42CCA350E753}.Release|Any CPU.ActiveCfg = Release|Any CPU
		{66241C84-772B-4E09-A9A1-42CCA350E753}.Release|Any CPU.Build.0 = Release|Any CPU
		{0A83F7A7-832E-4667-BFBA-E223DCE4CC7B}.Debug|Any CPU.ActiveCfg = Debug|Any CPU
		{0A83F7A7-832E-4667-BFBA-E223DCE4CC7B}.Debug|Any CPU.Build.0 = Debug|Any CPU
		{0A83F7A7-832E-4667-BFBA-E223DCE4CC7B}.Release|Any CPU.ActiveCfg = Release|Any CPU
		{0A83F7A7-832E-4667-BFBA-E223DCE4CC7B}.Release|Any CPU.Build.0 = Release|Any CPU
		{BE4C911F-1FD8-490C-8CAF-8856D27AF379}.Debug|Any CPU.ActiveCfg = Debug|Any CPU
		{BE4C911F-1FD8-490C-8CAF-8856D27AF379}.Debug|Any CPU.Build.0 = Debug|Any CPU
		{BE4C911F-1FD8-490C-8CAF-8856D27AF379}.Release|Any CPU.ActiveCfg = Release|Any CPU
		{BE4C911F-1FD8-490C-8CAF-8856D27AF379}.Release|Any CPU.Build.0 = Release|Any CPU
		{919F954F-320F-4925-BA4C-36A6A6788539}.Debug|Any CPU.ActiveCfg = Debug|Any CPU
		{919F954F-320F-4925-BA4C-36A6A6788539}.Debug|Any CPU.Build.0 = Debug|Any CPU
		{919F954F-320F-4925-BA4C-36A6A6788539}.Release|Any CPU.ActiveCfg = Release|Any CPU
		{919F954F-320F-4925-BA4C-36A6A6788539}.Release|Any CPU.Build.0 = Release|Any CPU
		{CDA937D2-1DA6-4D5F-9E93-7FEBB232802C}.Debug|Any CPU.ActiveCfg = Debug|Any CPU
		{CDA937D2-1DA6-4D5F-9E93-7FEBB232802C}.Debug|Any CPU.Build.0 = Debug|Any CPU
		{CDA937D2-1DA6-4D5F-9E93-7FEBB232802C}.Release|Any CPU.ActiveCfg = Release|Any CPU
		{CDA937D2-1DA6-4D5F-9E93-7FEBB232802C}.Release|Any CPU.Build.0 = Release|Any CPU
		{D49BA33E-F8DF-4AA9-8658-9F7DBEDB864A}.Debug|Any CPU.ActiveCfg = Debug|Any CPU
		{D49BA33E-F8DF-4AA9-8658-9F7DBEDB864A}.Debug|Any CPU.Build.0 = Debug|Any CPU
		{D49BA33E-F8DF-4AA9-8658-9F7DBEDB864A}.Release|Any CPU.ActiveCfg = Release|Any CPU
		{D49BA33E-F8DF-4AA9-8658-9F7DBEDB864A}.Release|Any CPU.Build.0 = Release|Any CPU
	EndGlobalSection
	GlobalSection(SolutionProperties) = preSolution
		HideSolutionNode = FALSE
	EndGlobalSection
	GlobalSection(ExtensibilityGlobals) = postSolution
		SolutionGuid = {737A3987-0A78-4AD0-9FBA-A6DC89AD453E}
	EndGlobalSection
EndGlobal
